
Microsoft Visual Studio Solution File, Format Version 12.00
# Visual Studio 15
VisualStudioVersion = 15.0.28307.271
MinimumVisualStudioVersion = 10.0.40219.1
Project("{8BC9CEB8-8B4A-11D0-8D11-00A0C91BC942}") = "Exercise1", "Exercise1\Exercise1.vcxproj", "{E4409384-3D1E-4665-8BE4-FEAA62796E90}"
EndProject
Project("{8BC9CEB8-8B4A-11D0-8D11-00A0C91BC942}") = "Excercise2", "Excercise2\Excercise2.vcxproj", "{4AC8ADAC-4B7B-4390-8590-BFB4527230CE}"
EndProject
Project("{8BC9CEB8-8B4A-11D0-8D11-00A0C91BC942}") = "Exercise3", "Exercise3\Exercise3.vcxproj", "{63AC053A-5612-4AAC-AFD2-D2C7A98F7587}"
EndProject
Global
	GlobalSection(SolutionConfigurationPlatforms) = preSolution
		Debug|x64 = Debug|x64
		Debug|x86 = Debug|x86
		Release|x64 = Release|x64
		Release|x86 = Release|x86
	EndGlobalSection
	GlobalSection(ProjectConfigurationPlatforms) = postSolution
		{E4409384-3D1E-4665-8BE4-FEAA62796E90}.Debug|x64.ActiveCfg = Debug|x64
		{E4409384-3D1E-4665-8BE4-FEAA62796E90}.Debug|x64.Build.0 = Debug|x64
		{E4409384-3D1E-4665-8BE4-FEAA62796E90}.Debug|x86.ActiveCfg = Debug|Win32
		{E4409384-3D1E-4665-8BE4-FEAA62796E90}.Debug|x86.Build.0 = Debug|Win32
		{E4409384-3D1E-4665-8BE4-FEAA62796E90}.Release|x64.ActiveCfg = Release|x64
		{E4409384-3D1E-4665-8BE4-FEAA62796E90}.Release|x64.Build.0 = Release|x64
		{E4409384-3D1E-4665-8BE4-FEAA62796E90}.Release|x86.ActiveCfg = Release|Win32
		{E4409384-3D1E-4665-8BE4-FEAA62796E90}.Release|x86.Build.0 = Release|Win32
		{4AC8ADAC-4B7B-4390-8590-BFB4527230CE}.Debug|x64.ActiveCfg = Debug|x64
		{4AC8ADAC-4B7B-4390-8590-BFB4527230CE}.Debug|x64.Build.0 = Debug|x64
		{4AC8ADAC-4B7B-4390-8590-BFB4527230CE}.Debug|x86.ActiveCfg = Debug|Win32
		{4AC8ADAC-4B7B-4390-8590-BFB4527230CE}.Debug|x86.Build.0 = Debug|Win32
		{4AC8ADAC-4B7B-4390-8590-BFB4527230CE}.Release|x64.ActiveCfg = Release|x64
		{4AC8ADAC-4B7B-4390-8590-BFB4527230CE}.Release|x64.Build.0 = Release|x64
		{4AC8ADAC-4B7B-4390-8590-BFB4527230CE}.Release|x86.ActiveCfg = Release|Win32
		{4AC8ADAC-4B7B-4390-8590-BFB4527230CE}.Release|x86.Build.0 = Release|Win32
		{63AC053A-5612-4AAC-AFD2-D2C7A98F7587}.Debug|x64.ActiveCfg = Debug|x64
		{63AC053A-5612-4AAC-AFD2-D2C7A98F7587}.Debug|x64.Build.0 = Debug|x64
		{63AC053A-5612-4AAC-AFD2-D2C7A98F7587}.Debug|x86.ActiveCfg = Debug|Win32
		{63AC053A-5612-4AAC-AFD2-D2C7A98F7587}.Debug|x86.Build.0 = Debug|Win32
		{63AC053A-5612-4AAC-AFD2-D2C7A98F7587}.Release|x64.ActiveCfg = Release|x64
		{63AC053A-5612-4AAC-AFD2-D2C7A98F7587}.Release|x64.Build.0 = Release|x64
		{63AC053A-5612-4AAC-AFD2-D2C7A98F7587}.Release|x86.ActiveCfg = Release|Win32
		{63AC053A-5612-4AAC-AFD2-D2C7A98F7587}.Release|x86.Build.0 = Release|Win32
	EndGlobalSection
	GlobalSection(SolutionProperties) = preSolution
		HideSolutionNode = FALSE
	EndGlobalSection
	GlobalSection(ExtensibilityGlobals) = postSolution
		SolutionGuid = {C7BC2E75-D17A-41F4-9BEE-268B9F9B57F5}
	EndGlobalSection
EndGlobal
